
Microsoft Visual Studio Solution File, Format Version 12.00
# Visual Studio Version 16
VisualStudioVersion = 16.0.29613.14
MinimumVisualStudioVersion = 10.0.40219.1
Project("{FAE04EC0-301F-11D3-BF4B-00C04F79EFBC}") = "ChatAPP", "ChatAPP\ChatAPP.csproj", "{A1E16704-6239-4340-87FB-7C0D3DF45C70}"
EndProject
Project("{FAE04EC0-301F-11D3-BF4B-00C04F79EFBC}") = "Server", "Server\Server.csproj", "{2AE8D440-1814-4627-B046-C284E8F1F121}"
EndProject
Global
	GlobalSection(SolutionConfigurationPlatforms) = preSolution
		Debug|Any CPU = Debug|Any CPU
		Release|Any CPU = Release|Any CPU
	EndGlobalSection
	GlobalSection(ProjectConfigurationPlatforms) = postSolution
		{A1E16704-6239-4340-87FB-7C0D3DF45C70}.Debug|Any CPU.ActiveCfg = Debug|Any CPU
		{A1E16704-6239-4340-87FB-7C0D3DF45C70}.Debug|Any CPU.Build.0 = Debug|Any CPU
		{A1E16704-6239-4340-87FB-7C0D3DF45C70}.Release|Any CPU.ActiveCfg = Release|Any CPU
		{A1E16704-6239-4340-87FB-7C0D3DF45C70}.Release|Any CPU.Build.0 = Release|Any CPU
		{2AE8D440-1814-4627-B046-C284E8F1F121}.Debug|Any CPU.ActiveCfg = Debug|Any CPU
		{2AE8D440-1814-4627-B046-C284E8F1F121}.Debug|Any CPU.Build.0 = Debug|Any CPU
		{2AE8D440-1814-4627-B046-C284E8F1F121}.Release|Any CPU.ActiveCfg = Release|Any CPU
		{2AE8D440-1814-4627-B046-C284E8F1F121}.Release|Any CPU.Build.0 = Release|Any CPU
	EndGlobalSection
	GlobalSection(SolutionProperties) = preSolution
		HideSolutionNode = FALSE
	EndGlobalSection
	GlobalSection(ExtensibilityGlobals) = postSolution
		SolutionGuid = {8D8C63A9-5934-4810-9362-5F1E690216CB}
	EndGlobalSection
EndGlobal
